
Microsoft Visual Studio Solution File, Format Version 12.00
# Visual Studio 2013
VisualStudioVersion = 12.0.30324.0
MinimumVisualStudioVersion = 10.0.40219.1
Project("{54435603-DBB4-11D2-8724-00A0C9A8B90C}") = "SetupRevonu", "SetupRevonu\SetupRevonu.vdproj", "{9241A34B-AFA1-4B08-99CB-6517F0E75039}"
EndProject
Global
	GlobalSection(SolutionConfigurationPlatforms) = preSolution
		Debug|Default = Debug|Default
		Release|Default = Release|Default
	EndGlobalSection
	GlobalSection(ProjectConfigurationPlatforms) = postSolution
		{9241A34B-AFA1-4B08-99CB-6517F0E75039}.Debug|Default.ActiveCfg = Release
		{9241A34B-AFA1-4B08-99CB-6517F0E75039}.Debug|Default.Build.0 = Release
		{9241A34B-AFA1-4B08-99CB-6517F0E75039}.Release|Default.ActiveCfg = Release
		{9241A34B-AFA1-4B08-99CB-6517F0E75039}.Release|Default.Build.0 = Release
	EndGlobalSection
	GlobalSection(SolutionProperties) = preSolution
		HideSolutionNode = FALSE
	EndGlobalSection
EndGlobal
